{
  "name": "route-fhash",
  "version": "0.0.1",
  "lockfileVersion": 1,
  "requires": true,
  "dependencies": {
    "ajaxsim": {
      "version": "1.0.0",
      "resolved": "https://registry.npmjs.org/ajaxsim/-/ajaxsim-1.0.0.tgz",
      "integrity": "sha512-ewScblCQ8HQomygY9TpQnSZPod62VHw58Y8ZMO2k265cBPrEAB+JT5tMtmRRzZNAZANp9qyma9C3j0x9Q/8CyA=="
    }
  }
}
